
Microsoft Visual Studio Solution File, Format Version 12.00
# Visual Studio Version 16
VisualStudioVersion = 16.0.30907.101
MinimumVisualStudioVersion = 10.0.40219.1
Project("{9A19103F-16F7-4668-BE54-9A1E7A4F7556}") = "WhatHaveIDone", "WhatHaveIDone\WhatHaveIDone.csproj", "{3BA7B0AC-9834-48CB-8C85-17CD240C7364}"
EndProject
Project("{2150E333-8FDC-42A3-9474-1A3956D46DE8}") = "Tests", "Tests", "{1AAEDD0F-D7E6-455A-AA78-C4C707C94C0F}"
EndProject
Project("{9A19103F-16F7-4668-BE54-9A1E7A4F7556}") = "WhatHaveIDone.Test", "WhatHaveIDone.Test\WhatHaveIDone.Test.csproj", "{6D231DCD-4788-4567-9572-81538680D5E7}"
EndProject
Project("{FAE04EC0-301F-11D3-BF4B-00C04F79EFBC}") = "WhatHaveIDone.Core", "WhatHaveIDone.Core\WhatHaveIDone.Core.csproj", "{166DDDA7-4D03-4978-9A72-3FEBF34DD587}"
EndProject
Global
	GlobalSection(SolutionConfigurationPlatforms) = preSolution
		Debug|Any CPU = Debug|Any CPU
		Release|Any CPU = Release|Any CPU
	EndGlobalSection
	GlobalSection(ProjectConfigurationPlatforms) = postSolution
		{3BA7B0AC-9834-48CB-8C85-17CD240C7364}.Debug|Any CPU.ActiveCfg = Debug|Any CPU
		{3BA7B0AC-9834-48CB-8C85-17CD240C7364}.Debug|Any CPU.Build.0 = Debug|Any CPU
		{3BA7B0AC-9834-48CB-8C85-17CD240C7364}.Release|Any CPU.ActiveCfg = Release|Any CPU
		{3BA7B0AC-9834-48CB-8C85-17CD240C7364}.Release|Any CPU.Build.0 = Release|Any CPU
		{6D231DCD-4788-4567-9572-81538680D5E7}.Debug|Any CPU.ActiveCfg = Debug|Any CPU
		{6D231DCD-4788-4567-9572-81538680D5E7}.Debug|Any CPU.Build.0 = Debug|Any CPU
		{6D231DCD-4788-4567-9572-81538680D5E7}.Release|Any CPU.ActiveCfg = Release|Any CPU
		{6D231DCD-4788-4567-9572-81538680D5E7}.Release|Any CPU.Build.0 = Release|Any CPU
		{166DDDA7-4D03-4978-9A72-3FEBF34DD587}.Debug|Any CPU.ActiveCfg = Debug|Any CPU
		{166DDDA7-4D03-4978-9A72-3FEBF34DD587}.Debug|Any CPU.Build.0 = Debug|Any CPU
		{166DDDA7-4D03-4978-9A72-3FEBF34DD587}.Release|Any CPU.ActiveCfg = Release|Any CPU
		{166DDDA7-4D03-4978-9A72-3FEBF34DD587}.Release|Any CPU.Build.0 = Release|Any CPU
	EndGlobalSection
	GlobalSection(SolutionProperties) = preSolution
		HideSolutionNode = FALSE
	EndGlobalSection
	GlobalSection(NestedProjects) = preSolution
		{6D231DCD-4788-4567-9572-81538680D5E7} = {1AAEDD0F-D7E6-455A-AA78-C4C707C94C0F}
	EndGlobalSection
	GlobalSection(ExtensibilityGlobals) = postSolution
		SolutionGuid = {75E88600-DF14-4986-8000-F30C41D6ACBB}
	EndGlobalSection
EndGlobal
